// !$*UTF8*$!
{
	archiveVersion = 1;
	classes = {
	};
	objectVersion = 56;
	objects = {

/* Begin PBXBuildFile section */
		CB0264B4293613B200650F51 /* mohani.xcdatamodeld in Sources */ = {isa = PBXBuildFile; fileRef = CB0264B2293613B200650F51 /* mohani.xcdatamodeld */; };
		CB0264B929361B1E00650F51 /* Task+CoreDataClass.swift in Sources */ = {isa = PBXBuildFile; fileRef = CB0264B529361B1E00650F51 /* Task+CoreDataClass.swift */; };
		CB0264BB29361B1E00650F51 /* TodoList+CoreDataClass.swift in Sources */ = {isa = PBXBuildFile; fileRef = CB0264B729361B1E00650F51 /* TodoList+CoreDataClass.swift */; };
		CB0264C1293644C200650F51 /* Date+Ext.swift in Sources */ = {isa = PBXBuildFile; fileRef = CB0264C0293644C200650F51 /* Date+Ext.swift */; };
		CB0264C32936808D00650F51 /* TaskCell.swift in Sources */ = {isa = PBXBuildFile; fileRef = CB0264C22936808D00650F51 /* TaskCell.swift */; };
		CB0264C52936865100650F51 /* ProgressVC.swift in Sources */ = {isa = PBXBuildFile; fileRef = CB0264C42936865100650F51 /* ProgressVC.swift */; };
		CB0264C729368A0F00650F51 /* UIView+Ext.swift in Sources */ = {isa = PBXBuildFile; fileRef = CB0264C629368A0F00650F51 /* UIView+Ext.swift */; };
		CB609263293610E9008E79F9 /* TodoListVC.swift in Sources */ = {isa = PBXBuildFile; fileRef = CB609262293610E9008E79F9 /* TodoListVC.swift */; };
		CB6092652936110F008E79F9 /* TodoDetailVC.swift in Sources */ = {isa = PBXBuildFile; fileRef = CB6092642936110F008E79F9 /* TodoDetailVC.swift */; };
		CB6CC85029374FBA00134993 /* UIColor+Ext.swift in Sources */ = {isa = PBXBuildFile; fileRef = CB6CC84F29374FBA00134993 /* UIColor+Ext.swift */; };
		CB6CC853293750AB00134993 /* UIHelper.swift in Sources */ = {isa = PBXBuildFile; fileRef = CB6CC852293750AB00134993 /* UIHelper.swift */; };
		CB6CC8552937597800134993 /* TitleLabel.swift in Sources */ = {isa = PBXBuildFile; fileRef = CB6CC8542937597800134993 /* TitleLabel.swift */; };
		CB6CC8572937598800134993 /* BodyLabel.swift in Sources */ = {isa = PBXBuildFile; fileRef = CB6CC8562937598800134993 /* BodyLabel.swift */; };
		CB6CC85B2937769700134993 /* AddTaskButton.swift in Sources */ = {isa = PBXBuildFile; fileRef = CB6CC85A2937769700134993 /* AddTaskButton.swift */; };
		CB6CC85D29377A9800134993 /* TaskInputVC.swift in Sources */ = {isa = PBXBuildFile; fileRef = CB6CC85C29377A9800134993 /* TaskInputVC.swift */; };
		CBC281DF292A82C600B2C144 /* AppDelegate.swift in Sources */ = {isa = PBXBuildFile; fileRef = CBC281DE292A82C600B2C144 /* AppDelegate.swift */; };
		CBC281E1292A82C600B2C144 /* SceneDelegate.swift in Sources */ = {isa = PBXBuildFile; fileRef = CBC281E0292A82C600B2C144 /* SceneDelegate.swift */; };
		CBC281EB292A82C800B2C144 /* Assets.xcassets in Resources */ = {isa = PBXBuildFile; fileRef = CBC281EA292A82C800B2C144 /* Assets.xcassets */; };
		CBC281EE292A82C800B2C144 /* LaunchScreen.storyboard in Resources */ = {isa = PBXBuildFile; fileRef = CBC281EC292A82C800B2C144 /* LaunchScreen.storyboard */; };
/* End PBXBuildFile section */

/* Begin PBXFileReference section */
		CB0264B3293613B200650F51 /* mohani.xcdatamodel */ = {isa = PBXFileReference; lastKnownFileType = wrapper.xcdatamodel; path = mohani.xcdatamodel; sourceTree = "<group>"; };
		CB0264B529361B1E00650F51 /* Task+CoreDataClass.swift */ = {isa = PBXFileReference; lastKnownFileType = sourcecode.swift; path = "Task+CoreDataClass.swift"; sourceTree = "<group>"; };
		CB0264B729361B1E00650F51 /* TodoList+CoreDataClass.swift */ = {isa = PBXFileReference; lastKnownFileType = sourcecode.swift; path = "TodoList+CoreDataClass.swift"; sourceTree = "<group>"; };
		CB0264C0293644C200650F51 /* Date+Ext.swift */ = {isa = PBXFileReference; lastKnownFileType = sourcecode.swift; path = "Date+Ext.swift"; sourceTree = "<group>"; };
		CB0264C22936808D00650F51 /* TaskCell.swift */ = {isa = PBXFileReference; lastKnownFileType = sourcecode.swift; path = TaskCell.swift; sourceTree = "<group>"; };
		CB0264C42936865100650F51 /* ProgressVC.swift */ = {isa = PBXFileReference; lastKnownFileType = sourcecode.swift; path = ProgressVC.swift; sourceTree = "<group>"; };
		CB0264C629368A0F00650F51 /* UIView+Ext.swift */ = {isa = PBXFileReference; lastKnownFileType = sourcecode.swift; path = "UIView+Ext.swift"; sourceTree = "<group>"; };
		CB609262293610E9008E79F9 /* TodoListVC.swift */ = {isa = PBXFileReference; lastKnownFileType = sourcecode.swift; path = TodoListVC.swift; sourceTree = "<group>"; };
		CB6092642936110F008E79F9 /* TodoDetailVC.swift */ = {isa = PBXFileReference; lastKnownFileType = sourcecode.swift; path = TodoDetailVC.swift; sourceTree = "<group>"; };
		CB6CC84F29374FBA00134993 /* UIColor+Ext.swift */ = {isa = PBXFileReference; lastKnownFileType = sourcecode.swift; path = "UIColor+Ext.swift"; sourceTree = "<group>"; };
		CB6CC852293750AB00134993 /* UIHelper.swift */ = {isa = PBXFileReference; lastKnownFileType = sourcecode.swift; path = UIHelper.swift; sourceTree = "<group>"; };
		CB6CC8542937597800134993 /* TitleLabel.swift */ = {isa = PBXFileReference; lastKnownFileType = sourcecode.swift; path = TitleLabel.swift; sourceTree = "<group>"; };
		CB6CC8562937598800134993 /* BodyLabel.swift */ = {isa = PBXFileReference; lastKnownFileType = sourcecode.swift; path = BodyLabel.swift; sourceTree = "<group>"; };
		CB6CC85A2937769700134993 /* AddTaskButton.swift */ = {isa = PBXFileReference; lastKnownFileType = sourcecode.swift; path = AddTaskButton.swift; sourceTree = "<group>"; };
		CB6CC85C29377A9800134993 /* TaskInputVC.swift */ = {isa = PBXFileReference; lastKnownFileType = sourcecode.swift; path = TaskInputVC.swift; sourceTree = "<group>"; };
		CBC281DB292A82C600B2C144 /* mohani.app */ = {isa = PBXFileReference; explicitFileType = wrapper.application; includeInIndex = 0; path = mohani.app; sourceTree = BUILT_PRODUCTS_DIR; };
		CBC281DE292A82C600B2C144 /* AppDelegate.swift */ = {isa = PBXFileReference; lastKnownFileType = sourcecode.swift; path = AppDelegate.swift; sourceTree = "<group>"; };
		CBC281E0292A82C600B2C144 /* SceneDelegate.swift */ = {isa = PBXFileReference; lastKnownFileType = sourcecode.swift; path = SceneDelegate.swift; sourceTree = "<group>"; };
		CBC281EA292A82C800B2C144 /* Assets.xcassets */ = {isa = PBXFileReference; lastKnownFileType = folder.assetcatalog; path = Assets.xcassets; sourceTree = "<group>"; };
		CBC281ED292A82C800B2C144 /* Base */ = {isa = PBXFileReference; lastKnownFileType = file.storyboard; name = Base; path = Base.lproj/LaunchScreen.storyboard; sourceTree = "<group>"; };
		CBC281EF292A82C800B2C144 /* Info.plist */ = {isa = PBXFileReference; lastKnownFileType = text.plist.xml; path = Info.plist; sourceTree = "<group>"; };
/* End PBXFileReference section */

/* Begin PBXFrameworksBuildPhase section */
		CBC281D8292A82C600B2C144 /* Frameworks */ = {
			isa = PBXFrameworksBuildPhase;
			buildActionMask = 2147483647;
			files = (
			);
			runOnlyForDeploymentPostprocessing = 0;
		};
/* End PBXFrameworksBuildPhase section */

/* Begin PBXGroup section */
		CB0264BD29361D2600650F51 /* Extension */ = {
			isa = PBXGroup;
			children = (
				CB0264C0293644C200650F51 /* Date+Ext.swift */,
				CB0264C629368A0F00650F51 /* UIView+Ext.swift */,
				CB6CC84F29374FBA00134993 /* UIColor+Ext.swift */,
			);
			path = Extension;
			sourceTree = "<group>";
		};
		CB60925F29360FE3008E79F9 /* Controller */ = {
			isa = PBXGroup;
			children = (
				CB609262293610E9008E79F9 /* TodoListVC.swift */,
				CB6092642936110F008E79F9 /* TodoDetailVC.swift */,
				CB0264C42936865100650F51 /* ProgressVC.swift */,
				CB6CC85C29377A9800134993 /* TaskInputVC.swift */,
			);
			path = Controller;
			sourceTree = "<group>";
		};
		CB60926029360FEC008E79F9 /* View */ = {
			isa = PBXGroup;
			children = (
				CB0264C22936808D00650F51 /* TaskCell.swift */,
				CB6CC8542937597800134993 /* TitleLabel.swift */,
				CB6CC8562937598800134993 /* BodyLabel.swift */,
				CB6CC85A2937769700134993 /* AddTaskButton.swift */,
			);
			path = View;
			sourceTree = "<group>";
		};
		CB60926129360FEF008E79F9 /* Model */ = {
			isa = PBXGroup;
			children = (
				CB0264B529361B1E00650F51 /* Task+CoreDataClass.swift */,
				CB0264B729361B1E00650F51 /* TodoList+CoreDataClass.swift */,
			);
			path = Model;
			sourceTree = "<group>";
		};
		CB6CC8512937508200134993 /* Util */ = {
			isa = PBXGroup;
			children = (
				CB6CC852293750AB00134993 /* UIHelper.swift */,
			);
			path = Util;
			sourceTree = "<group>";
		};
		CBC281D2292A82C600B2C144 = {
			isa = PBXGroup;
			children = (
				CBC281DD292A82C600B2C144 /* mohani */,
				CBC281DC292A82C600B2C144 /* Products */,
			);
			sourceTree = "<group>";
		};
		CBC281DC292A82C600B2C144 /* Products */ = {
			isa = PBXGroup;
			children = (
				CBC281DB292A82C600B2C144 /* mohani.app */,
			);
			name = Products;
			sourceTree = "<group>";
		};
		CBC281DD292A82C600B2C144 /* mohani */ = {
			isa = PBXGroup;
			children = (
				CBC281F5292A84B700B2C144 /* App */,
				CB60926129360FEF008E79F9 /* Model */,
				CB0264BD29361D2600650F51 /* Extension */,
				CB60926029360FEC008E79F9 /* View */,
				CB60925F29360FE3008E79F9 /* Controller */,
				CB6CC8512937508200134993 /* Util */,
			);
			path = mohani;
			sourceTree = "<group>";
		};
		CBC281F5292A84B700B2C144 /* App */ = {
			isa = PBXGroup;
			children = (
				CBC281DE292A82C600B2C144 /* AppDelegate.swift */,
				CBC281E0292A82C600B2C144 /* SceneDelegate.swift */,
				CBC281EA292A82C800B2C144 /* Assets.xcassets */,
				CBC281EC292A82C800B2C144 /* LaunchScreen.storyboard */,
				CBC281EF292A82C800B2C144 /* Info.plist */,
				CB0264B2293613B200650F51 /* mohani.xcdatamodeld */,
			);
			path = App;
			sourceTree = "<group>";
		};
/* End PBXGroup section */

/* Begin PBXNativeTarget section */
		CBC281DA292A82C600B2C144 /* mohani */ = {
			isa = PBXNativeTarget;
			buildConfigurationList = CBC281F2292A82C800B2C144 /* Build configuration list for PBXNativeTarget "mohani" */;
			buildPhases = (
				CBC281D7292A82C600B2C144 /* Sources */,
				CBC281D8292A82C600B2C144 /* Frameworks */,
				CBC281D9292A82C600B2C144 /* Resources */,
			);
			buildRules = (
			);
			dependencies = (
			);
			name = mohani;
			productName = mohani;
			productReference = CBC281DB292A82C600B2C144 /* mohani.app */;
			productType = "com.apple.product-type.application";
		};
/* End PBXNativeTarget section */

/* Begin PBXProject section */
		CBC281D3292A82C600B2C144 /* Project object */ = {
			isa = PBXProject;
			attributes = {
				BuildIndependentTargetsInParallel = 1;
				LastSwiftUpdateCheck = 1410;
				LastUpgradeCheck = 1410;
				TargetAttributes = {
					CBC281DA292A82C600B2C144 = {
						CreatedOnToolsVersion = 14.1;
					};
				};
			};
			buildConfigurationList = CBC281D6292A82C600B2C144 /* Build configuration list for PBXProject "mohani" */;
			compatibilityVersion = "Xcode 14.0";
			developmentRegion = en;
			hasScannedForEncodings = 0;
			knownRegions = (
				en,
				Base,
			);
			mainGroup = CBC281D2292A82C600B2C144;
			productRefGroup = CBC281DC292A82C600B2C144 /* Products */;
			projectDirPath = "";
			projectRoot = "";
			targets = (
				CBC281DA292A82C600B2C144 /* mohani */,
			);
		};
/* End PBXProject section */

/* Begin PBXResourcesBuildPhase section */
		CBC281D9292A82C600B2C144 /* Resources */ = {
			isa = PBXResourcesBuildPhase;
			buildActionMask = 2147483647;
			files = (
				CBC281EE292A82C800B2C144 /* LaunchScreen.storyboard in Resources */,
				CBC281EB292A82C800B2C144 /* Assets.xcassets in Resources */,
			);
			runOnlyForDeploymentPostprocessing = 0;
		};
/* End PBXResourcesBuildPhase section */

/* Begin PBXSourcesBuildPhase section */
		CBC281D7292A82C600B2C144 /* Sources */ = {
			isa = PBXSourcesBuildPhase;
			buildActionMask = 2147483647;
			files = (
				CB6CC853293750AB00134993 /* UIHelper.swift in Sources */,
				CB609263293610E9008E79F9 /* TodoListVC.swift in Sources */,
				CB0264C729368A0F00650F51 /* UIView+Ext.swift in Sources */,
				CB6CC85D29377A9800134993 /* TaskInputVC.swift in Sources */,
				CB0264B929361B1E00650F51 /* Task+CoreDataClass.swift in Sources */,
				CBC281DF292A82C600B2C144 /* AppDelegate.swift in Sources */,
				CB0264C1293644C200650F51 /* Date+Ext.swift in Sources */,
				CB6CC85B2937769700134993 /* AddTaskButton.swift in Sources */,
				CBC281E1292A82C600B2C144 /* SceneDelegate.swift in Sources */,
				CB6092652936110F008E79F9 /* TodoDetailVC.swift in Sources */,
				CB0264BB29361B1E00650F51 /* TodoList+CoreDataClass.swift in Sources */,
				CB0264C32936808D00650F51 /* TaskCell.swift in Sources */,
				CB6CC85029374FBA00134993 /* UIColor+Ext.swift in Sources */,
				CB6CC8552937597800134993 /* TitleLabel.swift in Sources */,
				CB6CC8572937598800134993 /* BodyLabel.swift in Sources */,
				CB0264B4293613B200650F51 /* mohani.xcdatamodeld in Sources */,
				CB0264C52936865100650F51 /* ProgressVC.swift in Sources */,
			);
			runOnlyForDeploymentPostprocessing = 0;
		};
/* End PBXSourcesBuildPhase section */

/* Begin PBXVariantGroup section */
		CBC281EC292A82C800B2C144 /* LaunchScreen.storyboard */ = {
			isa = PBXVariantGroup;
			children = (
				CBC281ED292A82C800B2C144 /* Base */,
			);
			name = LaunchScreen.storyboard;
			sourceTree = "<group>";
		};
/* End PBXVariantGroup section */

/* Begin XCBuildConfiguration section */
		CBC281F0292A82C800B2C144 /* Debug */ = {
			isa = XCBuildConfiguration;
			buildSettings = {
				ALWAYS_SEARCH_USER_PATHS = NO;
				CLANG_ANALYZER_NONNULL = YES;
				CLANG_ANALYZER_NUMBER_OBJECT_CONVERSION = YES_AGGRESSIVE;
				CLANG_CXX_LANGUAGE_STANDARD = "gnu++20";
				CLANG_ENABLE_MODULES = YES;
				CLANG_ENABLE_OBJC_ARC = YES;
				CLANG_ENABLE_OBJC_WEAK = YES;
				CLANG_WARN_BLOCK_CAPTURE_AUTORELEASING = YES;
				CLANG_WARN_BOOL_CONVERSION = YES;
				CLANG_WARN_COMMA = YES;
				CLANG_WARN_CONSTANT_CONVERSION = YES;
				CLANG_WARN_DEPRECATED_OBJC_IMPLEMENTATIONS = YES;
				CLANG_WARN_DIRECT_OBJC_ISA_USAGE = YES_ERROR;
				CLANG_WARN_DOCUMENTATION_COMMENTS = YES;
				CLANG_WARN_EMPTY_BODY = YES;
				CLANG_WARN_ENUM_CONVERSION = YES;
				CLANG_WARN_INFINITE_RECURSION = YES;
				CLANG_WARN_INT_CONVERSION = YES;
				CLANG_WARN_NON_LITERAL_NULL_CONVERSION = YES;
				CLANG_WARN_OBJC_IMPLICIT_RETAIN_SELF = YES;
				CLANG_WARN_OBJC_LITERAL_CONVERSION = YES;
				CLANG_WARN_OBJC_ROOT_CLASS = YES_ERROR;
				CLANG_WARN_QUOTED_INCLUDE_IN_FRAMEWORK_HEADER = YES;
				CLANG_WARN_RANGE_LOOP_ANALYSIS = YES;
				CLANG_WARN_STRICT_PROTOTYPES = YES;
				CLANG_WARN_SUSPICIOUS_MOVE = YES;
				CLANG_WARN_UNGUARDED_AVAILABILITY = YES_AGGRESSIVE;
				CLANG_WARN_UNREACHABLE_CODE = YES;
				CLANG_WARN__DUPLICATE_METHOD_MATCH = YES;
				COPY_PHASE_STRIP = NO;
				DEBUG_INFORMATION_FORMAT = dwarf;
				ENABLE_STRICT_OBJC_MSGSEND = YES;
				ENABLE_TESTABILITY = YES;
				GCC_C_LANGUAGE_STANDARD = gnu11;
				GCC_DYNAMIC_NO_PIC = NO;
				GCC_NO_COMMON_BLOCKS = YES;
				GCC_OPTIMIZATION_LEVEL = 0;
				GCC_PREPROCESSOR_DEFINITIONS = (
					"DEBUG=1",
					"$(inherited)",
				);
				GCC_WARN_64_TO_32_BIT_CONVERSION = YES;
				GCC_WARN_ABOUT_RETURN_TYPE = YES_ERROR;
				GCC_WARN_UNDECLARED_SELECTOR = YES;
				GCC_WARN_UNINITIALIZED_AUTOS = YES_AGGRESSIVE;
				GCC_WARN_UNUSED_FUNCTION = YES;
				GCC_WARN_UNUSED_VARIABLE = YES;
				IPHONEOS_DEPLOYMENT_TARGET = 16.1;
				MTL_ENABLE_DEBUG_INFO = INCLUDE_SOURCE;
				MTL_FAST_MATH = YES;
				ONLY_ACTIVE_ARCH = YES;
				SDKROOT = iphoneos;
				SWIFT_ACTIVE_COMPILATION_CONDITIONS = DEBUG;
				SWIFT_OPTIMIZATION_LEVEL = "-Onone";
			};
			name = Debug;
		};
		CBC281F1292A82C800B2C144 /* Release */ = {
			isa = XCBuildConfiguration;
			buildSettings = {
				ALWAYS_SEARCH_USER_PATHS = NO;
				CLANG_ANALYZER_NONNULL = YES;
				CLANG_ANALYZER_NUMBER_OBJECT_CONVERSION = YES_AGGRESSIVE;
				CLANG_CXX_LANGUAGE_STANDARD = "gnu++20";
				CLANG_ENABLE_MODULES = YES;
				CLANG_ENABLE_OBJC_ARC = YES;
				CLANG_ENABLE_OBJC_WEAK = YES;
				CLANG_WARN_BLOCK_CAPTURE_AUTORELEASING = YES;
				CLANG_WARN_BOOL_CONVERSION = YES;
				CLANG_WARN_COMMA = YES;
				CLANG_WARN_CONSTANT_CONVERSION = YES;
				CLANG_WARN_DEPRECATED_OBJC_IMPLEMENTATIONS = YES;
				CLANG_WARN_DIRECT_OBJC_ISA_USAGE = YES_ERROR;
				CLANG_WARN_DOCUMENTATION_COMMENTS = YES;
				CLANG_WARN_EMPTY_BODY = YES;
				CLANG_WARN_ENUM_CONVERSION = YES;
				CLANG_WARN_INFINITE_RECURSION = YES;
				CLANG_WARN_INT_CONVERSION = YES;
				CLANG_WARN_NON_LITERAL_NULL_CONVERSION = YES;
				CLANG_WARN_OBJC_IMPLICIT_RETAIN_SELF = YES;
				CLANG_WARN_OBJC_LITERAL_CONVERSION = YES;
				CLANG_WARN_OBJC_ROOT_CLASS = YES_ERROR;
				CLANG_WARN_QUOTED_INCLUDE_IN_FRAMEWORK_HEADER = YES;
				CLANG_WARN_RANGE_LOOP_ANALYSIS = YES;
				CLANG_WARN_STRICT_PROTOTYPES = YES;
				CLANG_WARN_SUSPICIOUS_MOVE = YES;
				CLANG_WARN_UNGUARDED_AVAILABILITY = YES_AGGRESSIVE;
				CLANG_WARN_UNREACHABLE_CODE = YES;
				CLANG_WARN__DUPLICATE_METHOD_MATCH = YES;
				COPY_PHASE_STRIP = NO;
				DEBUG_INFORMATION_FORMAT = "dwarf-with-dsym";
				ENABLE_NS_ASSERTIONS = NO;
				ENABLE_STRICT_OBJC_MSGSEND = YES;
				GCC_C_LANGUAGE_STANDARD = gnu11;
				GCC_NO_COMMON_BLOCKS = YES;
				GCC_WARN_64_TO_32_BIT_CONVERSION = YES;
				GCC_WARN_ABOUT_RETURN_TYPE = YES_ERROR;
				GCC_WARN_UNDECLARED_SELECTOR = YES;
				GCC_WARN_UNINITIALIZED_AUTOS = YES_AGGRESSIVE;
				GCC_WARN_UNUSED_FUNCTION = YES;
				GCC_WARN_UNUSED_VARIABLE = YES;
				IPHONEOS_DEPLOYMENT_TARGET = 16.1;
				MTL_ENABLE_DEBUG_INFO = NO;
				MTL_FAST_MATH = YES;
				SDKROOT = iphoneos;
				SWIFT_COMPILATION_MODE = wholemodule;
				SWIFT_OPTIMIZATION_LEVEL = "-O";
				VALIDATE_PRODUCT = YES;
			};
			name = Release;
		};
		CBC281F3292A82C800B2C144 /* Debug */ = {
			isa = XCBuildConfiguration;
			buildSettings = {
				ASSETCATALOG_COMPILER_APPICON_NAME = AppIcon;
				ASSETCATALOG_COMPILER_GLOBAL_ACCENT_COLOR_NAME = AccentColor;
				CODE_SIGN_STYLE = Automatic;
				CURRENT_PROJECT_VERSION = 1;
				DEVELOPMENT_TEAM = TQX48B3375;
				GENERATE_INFOPLIST_FILE = YES;
				INFOPLIST_FILE = mohani/App/Info.plist;
				INFOPLIST_KEY_UIApplicationSupportsIndirectInputEvents = YES;
				INFOPLIST_KEY_UILaunchStoryboardName = LaunchScreen;
				INFOPLIST_KEY_UIStatusBarStyle = "";
				INFOPLIST_KEY_UISupportedInterfaceOrientations = UIInterfaceOrientationPortrait;
				LD_RUNPATH_SEARCH_PATHS = (
					"$(inherited)",
					"@executable_path/Frameworks",
				);
				MARKETING_VERSION = 1.0;
				PRODUCT_BUNDLE_IDENTIFIER = hoonjoo.mohani;
				PRODUCT_NAME = "$(TARGET_NAME)";
				SWIFT_EMIT_LOC_STRINGS = YES;
				SWIFT_VERSION = 5.0;
				TARGETED_DEVICE_FAMILY = "1,2";
			};
			name = Debug;
		};
		CBC281F4292A82C800B2C144 /* Release */ = {
			isa = XCBuildConfiguration;
			buildSettings = {
				ASSETCATALOG_COMPILER_APPICON_NAME = AppIcon;
				ASSETCATALOG_COMPILER_GLOBAL_ACCENT_COLOR_NAME = AccentColor;
				CODE_SIGN_STYLE = Automatic;
				CURRENT_PROJECT_VERSION = 1;
				DEVELOPMENT_TEAM = TQX48B3375;
				GENERATE_INFOPLIST_FILE = YES;
				INFOPLIST_FILE = mohani/App/Info.plist;
				INFOPLIST_KEY_UIApplicationSupportsIndirectInputEvents = YES;
				INFOPLIST_KEY_UILaunchStoryboardName = LaunchScreen;
				INFOPLIST_KEY_UIStatusBarStyle = "";
				INFOPLIST_KEY_UISupportedInterfaceOrientations = UIInterfaceOrientationPortrait;
				LD_RUNPATH_SEARCH_PATHS = (
					"$(inherited)",
					"@executable_path/Frameworks",
				);
				MARKETING_VERSION = 1.0;
				PRODUCT_BUNDLE_IDENTIFIER = hoonjoo.mohani;
				PRODUCT_NAME = "$(TARGET_NAME)";
				SWIFT_EMIT_LOC_STRINGS = YES;
				SWIFT_VERSION = 5.0;
				TARGETED_DEVICE_FAMILY = "1,2";
			};
			name = Release;
		};
/* End XCBuildConfiguration section */

/* Begin XCConfigurationList section */
		CBC281D6292A82C600B2C144 /* Build configuration list for PBXProject "mohani" */ = {
			isa = XCConfigurationList;
			buildConfigurations = (
				CBC281F0292A82C800B2C144 /* Debug */,
				CBC281F1292A82C800B2C144 /* Release */,
			);
			defaultConfigurationIsVisible = 0;
			defaultConfigurationName = Release;
		};
		CBC281F2292A82C800B2C144 /* Build configuration list for PBXNativeTarget "mohani" */ = {
			isa = XCConfigurationList;
			buildConfigurations = (
				CBC281F3292A82C800B2C144 /* Debug */,
				CBC281F4292A82C800B2C144 /* Release */,
			);
			defaultConfigurationIsVisible = 0;
			defaultConfigurationName = Release;
		};
/* End XCConfigurationList section */

/* Begin XCVersionGroup section */
		CB0264B2293613B200650F51 /* mohani.xcdatamodeld */ = {
			isa = XCVersionGroup;
			children = (
				CB0264B3293613B200650F51 /* mohani.xcdatamodel */,
			);
			currentVersion = CB0264B3293613B200650F51 /* mohani.xcdatamodel */;
			path = mohani.xcdatamodeld;
			sourceTree = "<group>";
			versionGroupType = wrapper.xcdatamodel;
		};
/* End XCVersionGroup section */
	};
	rootObject = CBC281D3292A82C600B2C144 /* Project object */;
}
